Microsoft Visual Studio Solution File, Format Version 12.00
# Visual Studio Version 17
VisualStudioVersion = 17.5.2.0
MinimumVisualStudioVersion = 10.0.40219.1
Project("{FAE04EC0-301F-11D3-BF4B-00C04F79EFBC}") = "SignupValidations", "SignupValidations.csproj", "{21785936-AAB3-A689-4778-AEDC3CFA3CCC}"
EndProject
Global
	GlobalSection(SolutionConfigurationPlatforms) = preSolution
		Debug|Any CPU = Debug|Any CPU
		Release|Any CPU = Release|Any CPU
	EndGlobalSection
	GlobalSection(ProjectConfigurationPlatforms) = postSolution
		{21785936-AAB3-A689-4778-AEDC3CFA3CCC}.Debug|Any CPU.ActiveCfg = Debug|Any CPU
		{21785936-AAB3-A689-4778-AEDC3CFA3CCC}.Debug|Any CPU.Build.0 = Debug|Any CPU
		{21785936-AAB3-A689-4778-AEDC3CFA3CCC}.Release|Any CPU.ActiveCfg = Release|Any CPU
		{21785936-AAB3-A689-4778-AEDC3CFA3CCC}.Release|Any CPU.Build.0 = Release|Any CPU
	EndGlobalSection
	GlobalSection(SolutionProperties) = preSolution
		HideSolutionNode = FALSE
	EndGlobalSection
	GlobalSection(ExtensibilityGlobals) = postSolution
		SolutionGuid = {E0208766-B731-43A1-8AD0-4D4B1347E662}
	EndGlobalSection
EndGlobal
